
Microsoft Visual Studio Solution File, Format Version 12.00
# Visual Studio 15
VisualStudioVersion = 15.0.27004.2009
MinimumVisualStudioVersion = 10.0.40219.1
Project("{FAE04EC0-301F-11D3-BF4B-00C04F79EFBC}") = "API", "WebApplication\API.csproj", "{73F7B784-9CD9-434E-8840-19A06C2A4632}"
EndProject
Project("{FAE04EC0-301F-11D3-BF4B-00C04F79EFBC}") = "Client", "Client\Client.csproj", "{1428857B-C2DB-48FB-BBD4-2C172FBAE5CE}"
EndProject
Project("{FAE04EC0-301F-11D3-BF4B-00C04F79EFBC}") = "ApiUnitTests", "ApiUnitTests\ApiUnitTests.csproj", "{649B6E97-E24A-4155-8822-B5AA115752BA}"
EndProject
Global
	GlobalSection(SolutionConfigurationPlatforms) = preSolution
		Debug|Any CPU = Debug|Any CPU
		Release|Any CPU = Release|Any CPU
	EndGlobalSection
	GlobalSection(ProjectConfigurationPlatforms) = postSolution
		{73F7B784-9CD9-434E-8840-19A06C2A4632}.Debug|Any CPU.ActiveCfg = Debug|Any CPU
		{73F7B784-9CD9-434E-8840-19A06C2A4632}.Debug|Any CPU.Build.0 = Debug|Any CPU
		{73F7B784-9CD9-434E-8840-19A06C2A4632}.Release|Any CPU.ActiveCfg = Release|Any CPU
		{73F7B784-9CD9-434E-8840-19A06C2A4632}.Release|Any CPU.Build.0 = Release|Any CPU
		{1428857B-C2DB-48FB-BBD4-2C172FBAE5CE}.Debug|Any CPU.ActiveCfg = Debug|Any CPU
		{1428857B-C2DB-48FB-BBD4-2C172FBAE5CE}.Debug|Any CPU.Build.0 = Debug|Any CPU
		{1428857B-C2DB-48FB-BBD4-2C172FBAE5CE}.Release|Any CPU.ActiveCfg = Release|Any CPU
		{1428857B-C2DB-48FB-BBD4-2C172FBAE5CE}.Release|Any CPU.Build.0 = Release|Any CPU
		{649B6E97-E24A-4155-8822-B5AA115752BA}.Debug|Any CPU.ActiveCfg = Debug|Any CPU
		{649B6E97-E24A-4155-8822-B5AA115752BA}.Debug|Any CPU.Build.0 = Debug|Any CPU
		{649B6E97-E24A-4155-8822-B5AA115752BA}.Release|Any CPU.ActiveCfg = Release|Any CPU
		{649B6E97-E24A-4155-8822-B5AA115752BA}.Release|Any CPU.Build.0 = Release|Any CPU
	EndGlobalSection
	GlobalSection(SolutionProperties) = preSolution
		HideSolutionNode = FALSE
	EndGlobalSection
	GlobalSection(ExtensibilityGlobals) = postSolution
		SolutionGuid = {7615AF50-46A1-4603-BA05-F5FA3A50BF6A}
	EndGlobalSection
EndGlobal
